
Microsoft Visual Studio Solution File, Format Version 12.00
# Visual Studio 15
VisualStudioVersion = 15.0.25807.0
MinimumVisualStudioVersion = 10.0.40219.1
Project("{2150E333-8FDC-42A3-9474-1A3956D46DE8}") = "Engine", "Engine", "{BDAC923B-D9D6-452B-81D3-61674968DC2C}"
EndProject
Project("{2150E333-8FDC-42A3-9474-1A3956D46DE8}") = "Games", "Games", "{D8ADC669-8635-4646-8BA1-AB1BB090F4DA}"
EndProject
Project("{8BC9CEB8-8B4A-11D0-8D11-00A0C91BC942}") = "UE4", "Intermediate\ProjectFiles\UE4.vcxproj", "{E7C6C0DF-0D61-4253-8C92-07EA36578653}"
EndProject
Project("{8BC9CEB8-8B4A-11D0-8D11-00A0C91BC942}") = "xWorld", "Intermediate\ProjectFiles\xWorld.vcxproj", "{75C978A3-6029-450C-A2F1-25759AD7E22C}"
EndProject
Project("{2150E333-8FDC-42A3-9474-1A3956D46DE8}") = "Visualizers", "Visualizers", "{9EC576AC-427A-4F91-B4BA-E6EE62FE9F85}"
	ProjectSection(SolutionItems) = preProject
		d:\Program Files\Epic Games\UE_4.21\Engine\Extras\VisualStudioDebugging\UE4.natvis = d:\Program Files\Epic Games\UE_4.21\Engine\Extras\VisualStudioDebugging\UE4.natvis
	EndProjectSection
EndProject
Global
	GlobalSection(SolutionConfigurationPlatforms) = preSolution
		DebugGame Editor|Win32 = DebugGame Editor|Win32
		DebugGame Editor|Win64 = DebugGame Editor|Win64
		DebugGame|Win32 = DebugGame|Win32
		DebugGame|Win64 = DebugGame|Win64
		Development Editor|Win32 = Development Editor|Win32
		Development Editor|Win64 = Development Editor|Win64
		Development|Win32 = Development|Win32
		Development|Win64 = Development|Win64
		Shipping|Win32 = Shipping|Win32
		Shipping|Win64 = Shipping|Win64
	EndGlobalSection
	GlobalSection(ProjectConfigurationPlatforms) = postSolution
		{E7C6C0DF-0D61-4253-8C92-07EA36578653}.DebugGame Editor|Win32.ActiveCfg = BuiltWithUnrealBuildTool|Win32
		{E7C6C0DF-0D61-4253-8C92-07EA36578653}.DebugGame Editor|Win64.ActiveCfg = BuiltWithUnrealBuildTool|Win32
		{E7C6C0DF-0D61-4253-8C92-07EA36578653}.DebugGame|Win32.ActiveCfg = BuiltWithUnrealBuildTool|Win32
		{E7C6C0DF-0D61-4253-8C92-07EA36578653}.DebugGame|Win64.ActiveCfg = BuiltWithUnrealBuildTool|Win32
		{E7C6C0DF-0D61-4253-8C92-07EA36578653}.Development Editor|Win32.ActiveCfg = BuiltWithUnrealBuildTool|Win32
		{E7C6C0DF-0D61-4253-8C92-07EA36578653}.Development Editor|Win64.ActiveCfg = BuiltWithUnrealBuildTool|Win32
		{E7C6C0DF-0D61-4253-8C92-07EA36578653}.Development|Win32.ActiveCfg = BuiltWithUnrealBuildTool|Win32
		{E7C6C0DF-0D61-4253-8C92-07EA36578653}.Development|Win64.ActiveCfg = BuiltWithUnrealBuildTool|Win32
		{E7C6C0DF-0D61-4253-8C92-07EA36578653}.Shipping|Win32.ActiveCfg = BuiltWithUnrealBuildTool|Win32
		{E7C6C0DF-0D61-4253-8C92-07EA36578653}.Shipping|Win64.ActiveCfg = BuiltWithUnrealBuildTool|Win32
		{75C978A3-6029-450C-A2F1-25759AD7E22C}.DebugGame Editor|Win32.ActiveCfg = Invalid|Win32
		{75C978A3-6029-450C-A2F1-25759AD7E22C}.DebugGame Editor|Win64.ActiveCfg = DebugGame_Editor|x64
		{75C978A3-6029-450C-A2F1-25759AD7E22C}.DebugGame Editor|Win64.Build.0 = DebugGame_Editor|x64
		{75C978A3-6029-450C-A2F1-25759AD7E22C}.DebugGame|Win32.ActiveCfg = DebugGame|Win32
		{75C978A3-6029-450C-A2F1-25759AD7E22C}.DebugGame|Win32.Build.0 = DebugGame|Win32
		{75C978A3-6029-450C-A2F1-25759AD7E22C}.DebugGame|Win64.ActiveCfg = DebugGame|x64
		{75C978A3-6029-450C-A2F1-25759AD7E22C}.DebugGame|Win64.Build.0 = DebugGame|x64
		{75C978A3-6029-450C-A2F1-25759AD7E22C}.Development Editor|Win32.ActiveCfg = Invalid|Win32
		{75C978A3-6029-450C-A2F1-25759AD7E22C}.Development Editor|Win64.ActiveCfg = Development_Editor|x64
		{75C978A3-6029-450C-A2F1-25759AD7E22C}.Development Editor|Win64.Build.0 = Development_Editor|x64
		{75C978A3-6029-450C-A2F1-25759AD7E22C}.Development|Win32.ActiveCfg = Development|Win32
		{75C978A3-6029-450C-A2F1-25759AD7E22C}.Development|Win32.Build.0 = Development|Win32
		{75C978A3-6029-450C-A2F1-25759AD7E22C}.Development|Win64.ActiveCfg = Development|x64
		{75C978A3-6029-450C-A2F1-25759AD7E22C}.Development|Win64.Build.0 = Development|x64
		{75C978A3-6029-450C-A2F1-25759AD7E22C}.Shipping|Win32.ActiveCfg = Shipping|Win32
		{75C978A3-6029-450C-A2F1-25759AD7E22C}.Shipping|Win32.Build.0 = Shipping|Win32
		{75C978A3-6029-450C-A2F1-25759AD7E22C}.Shipping|Win64.ActiveCfg = Shipping|x64
		{75C978A3-6029-450C-A2F1-25759AD7E22C}.Shipping|Win64.Build.0 = Shipping|x64
	EndGlobalSection
	GlobalSection(SolutionProperties) = preSolution
		HideSolutionNode = FALSE
	EndGlobalSection
	GlobalSection(NestedProjects) = preSolution
		{E7C6C0DF-0D61-4253-8C92-07EA36578653} = {BDAC923B-D9D6-452B-81D3-61674968DC2C}
		{75C978A3-6029-450C-A2F1-25759AD7E22C} = {D8ADC669-8635-4646-8BA1-AB1BB090F4DA}
	EndGlobalSection
EndGlobal
